
Microsoft Visual Studio Solution File, Format Version 12.00
# Visual Studio 15
VisualStudioVersion = 15.0.28307.329
MinimumVisualStudioVersion = 10.0.40219.1
Project("{8BC9CEB8-8B4A-11D0-8D11-00A0C91BC942}") = "智能指针_重载解引用和指向运算符", "智能指针_重载解引用和指向运算符\智能指针_重载解引用和指向运算符.vcxproj", "{D805FB75-21B0-4D30-B877-2CA0A88123ED}"
EndProject
Project("{8BC9CEB8-8B4A-11D0-8D11-00A0C91BC942}") = "重载判断等于和不等于", "重载判断等于和不等于\重载判断等于和不等于.vcxproj", "{D1370842-3210-4830-9F12-993078E0A49C}"
EndProject
Project("{8BC9CEB8-8B4A-11D0-8D11-00A0C91BC942}") = "重载运算符", "重载运算符\重载运算符.vcxproj", "{56CB6464-5E46-4046-B790-22ADECEB9EDC}"
EndProject
Project("{8BC9CEB8-8B4A-11D0-8D11-00A0C91BC942}") = "自增运算符的重载", "自增运算符的重载\自增运算符的重载.vcxproj", "{AD1425DE-D486-4076-A588-9B7AC6C8C551}"
EndProject
Project("{8BC9CEB8-8B4A-11D0-8D11-00A0C91BC942}") = "练习_重载运算符封装String类", "练习_重载运算符封装String类\练习_重载运算符封装String类.vcxproj", "{D8623B44-B797-47AA-8E9C-64ECBA7970D1}"
EndProject
Project("{8BC9CEB8-8B4A-11D0-8D11-00A0C91BC942}") = "不能被继承的类", "不能被继承的类\不能被继承的类.vcxproj", "{697812C3-E631-41F6-9B30-F74E1E80F14A}"
EndProject
Global
	GlobalSection(SolutionConfigurationPlatforms) = preSolution
		Debug|x64 = Debug|x64
		Debug|x86 = Debug|x86
		Release|x64 = Release|x64
		Release|x86 = Release|x86
	EndGlobalSection
	GlobalSection(ProjectConfigurationPlatforms) = postSolution
		{D805FB75-21B0-4D30-B877-2CA0A88123ED}.Debug|x64.ActiveCfg = Debug|x64
		{D805FB75-21B0-4D30-B877-2CA0A88123ED}.Debug|x64.Build.0 = Debug|x64
		{D805FB75-21B0-4D30-B877-2CA0A88123ED}.Debug|x86.ActiveCfg = Debug|Win32
		{D805FB75-21B0-4D30-B877-2CA0A88123ED}.Debug|x86.Build.0 = Debug|Win32
		{D805FB75-21B0-4D30-B877-2CA0A88123ED}.Release|x64.ActiveCfg = Release|x64
		{D805FB75-21B0-4D30-B877-2CA0A88123ED}.Release|x64.Build.0 = Release|x64
		{D805FB75-21B0-4D30-B877-2CA0A88123ED}.Release|x86.ActiveCfg = Release|Win32
		{D805FB75-21B0-4D30-B877-2CA0A88123ED}.Release|x86.Build.0 = Release|Win32
		{D1370842-3210-4830-9F12-993078E0A49C}.Debug|x64.ActiveCfg = Debug|x64
		{D1370842-3210-4830-9F12-993078E0A49C}.Debug|x64.Build.0 = Debug|x64
		{D1370842-3210-4830-9F12-993078E0A49C}.Debug|x86.ActiveCfg = Debug|Win32
		{D1370842-3210-4830-9F12-993078E0A49C}.Debug|x86.Build.0 = Debug|Win32
		{D1370842-3210-4830-9F12-993078E0A49C}.Release|x64.ActiveCfg = Release|x64
		{D1370842-3210-4830-9F12-993078E0A49C}.Release|x64.Build.0 = Release|x64
		{D1370842-3210-4830-9F12-993078E0A49C}.Release|x86.ActiveCfg = Release|Win32
		{D1370842-3210-4830-9F12-993078E0A49C}.Release|x86.Build.0 = Release|Win32
		{56CB6464-5E46-4046-B790-22ADECEB9EDC}.Debug|x64.ActiveCfg = Debug|x64
		{56CB6464-5E46-4046-B790-22ADECEB9EDC}.Debug|x64.Build.0 = Debug|x64
		{56CB6464-5E46-4046-B790-22ADECEB9EDC}.Debug|x86.ActiveCfg = Debug|Win32
		{56CB6464-5E46-4046-B790-22ADECEB9EDC}.Debug|x86.Build.0 = Debug|Win32
		{56CB6464-5E46-4046-B790-22ADECEB9EDC}.Release|x64.ActiveCfg = Release|x64
		{56CB6464-5E46-4046-B790-22ADECEB9EDC}.Release|x64.Build.0 = Release|x64
		{56CB6464-5E46-4046-B790-22ADECEB9EDC}.Release|x86.ActiveCfg = Release|Win32
		{56CB6464-5E46-4046-B790-22ADECEB9EDC}.Release|x86.Build.0 = Release|Win32
		{AD1425DE-D486-4076-A588-9B7AC6C8C551}.Debug|x64.ActiveCfg = Debug|x64
		{AD1425DE-D486-4076-A588-9B7AC6C8C551}.Debug|x64.Build.0 = Debug|x64
		{AD1425DE-D486-4076-A588-9B7AC6C8C551}.Debug|x86.ActiveCfg = Debug|Win32
		{AD1425DE-D486-4076-A588-9B7AC6C8C551}.Debug|x86.Build.0 = Debug|Win32
		{AD1425DE-D486-4076-A588-9B7AC6C8C551}.Release|x64.ActiveCfg = Release|x64
		{AD1425DE-D486-4076-A588-9B7AC6C8C551}.Release|x64.Build.0 = Release|x64
		{AD1425DE-D486-4076-A588-9B7AC6C8C551}.Release|x86.ActiveCfg = Release|Win32
		{AD1425DE-D486-4076-A588-9B7AC6C8C551}.Release|x86.Build.0 = Release|Win32
		{D8623B44-B797-47AA-8E9C-64ECBA7970D1}.Debug|x64.ActiveCfg = Debug|x64
		{D8623B44-B797-47AA-8E9C-64ECBA7970D1}.Debug|x64.Build.0 = Debug|x64
		{D8623B44-B797-47AA-8E9C-64ECBA7970D1}.Debug|x86.ActiveCfg = Debug|Win32
		{D8623B44-B797-47AA-8E9C-64ECBA7970D1}.Debug|x86.Build.0 = Debug|Win32
		{D8623B44-B797-47AA-8E9C-64ECBA7970D1}.Release|x64.ActiveCfg = Release|x64
		{D8623B44-B797-47AA-8E9C-64ECBA7970D1}.Release|x64.Build.0 = Release|x64
		{D8623B44-B797-47AA-8E9C-64ECBA7970D1}.Release|x86.ActiveCfg = Release|Win32
		{D8623B44-B797-47AA-8E9C-64ECBA7970D1}.Release|x86.Build.0 = Release|Win32
		{697812C3-E631-41F6-9B30-F74E1E80F14A}.Debug|x64.ActiveCfg = Debug|x64
		{697812C3-E631-41F6-9B30-F74E1E80F14A}.Debug|x64.Build.0 = Debug|x64
		{697812C3-E631-41F6-9B30-F74E1E80F14A}.Debug|x86.ActiveCfg = Debug|Win32
		{697812C3-E631-41F6-9B30-F74E1E80F14A}.Debug|x86.Build.0 = Debug|Win32
		{697812C3-E631-41F6-9B30-F74E1E80F14A}.Release|x64.ActiveCfg = Release|x64
		{697812C3-E631-41F6-9B30-F74E1E80F14A}.Release|x64.Build.0 = Release|x64
		{697812C3-E631-41F6-9B30-F74E1E80F14A}.Release|x86.ActiveCfg = Release|Win32
		{697812C3-E631-41F6-9B30-F74E1E80F14A}.Release|x86.Build.0 = Release|Win32
	EndGlobalSection
	GlobalSection(SolutionProperties) = preSolution
		HideSolutionNode = FALSE
	EndGlobalSection
	GlobalSection(ExtensibilityGlobals) = postSolution
		SolutionGuid = {84D9192B-1CC5-4304-A47D-190D14751800}
	EndGlobalSection
EndGlobal
